
Microsoft Visual Studio Solution File, Format Version 12.00
# Visual Studio Version 17
VisualStudioVersion = 17.0.31903.59
MinimumVisualStudioVersion = 10.0.40219.1
Project("{2150E333-8FDC-42A3-9474-1A3956D46DE8}") = "src", "src", "{4A341B07-ACFD-45C9-BB56-ADB60418CB78}"
EndProject
Project("{2150E333-8FDC-42A3-9474-1A3956D46DE8}") = "Core", "Core", "{5FE67BD2-CB50-4B07-A4FB-2EBCFFE078DF}"
EndProject
Project("{FAE04EC0-301F-11D3-BF4B-00C04F79EFBC}") = "Domain", "src\Core\Domain\Domain.csproj", "{61F2A38D-B7A6-45AF-A3A1-23EFC23741DC}"
EndProject
Project("{FAE04EC0-301F-11D3-BF4B-00C04F79EFBC}") = "Application", "src\Core\Application\Application.csproj", "{AA43907E-0A48-4D27-A549-C9B24BF4F97C}"
EndProject
Project("{2150E333-8FDC-42A3-9474-1A3956D46DE8}") = "Infrastructure", "Infrastructure", "{E050A1FC-A11A-4F6A-8340-B5F45A9099C6}"
EndProject
Project("{FAE04EC0-301F-11D3-BF4B-00C04F79EFBC}") = "Persistence", "src\Infrastructure\Persistence\Persistence.csproj", "{3689FFA8-1916-4BD4-94A6-CC413DE9EF93}"
EndProject
Project("{FAE04EC0-301F-11D3-BF4B-00C04F79EFBC}") = "Infrastructure", "src\Infrastructure\Infrastructure\Infrastructure.csproj", "{4ADA9AF2-ECEF-4C96-B7FA-E8096E658295}"
EndProject
Project("{FAE04EC0-301F-11D3-BF4B-00C04F79EFBC}") = "API", "src\API\API.csproj", "{039415CB-519E-4E22-AC22-89BFDAFE4E0C}"
EndProject
Project("{2150E333-8FDC-42A3-9474-1A3956D46DE8}") = "tests", "tests", "{5F59DE78-C6BA-472F-A611-0B0C187701C9}"
EndProject
Project("{FAE04EC0-301F-11D3-BF4B-00C04F79EFBC}") = "Application.UnitTests", "tests\Application.UnitTests\Application.UnitTests.csproj", "{CEF131DF-6A5D-4D1E-9F52-8C63D700EBF4}"
EndProject
Project("{FAE04EC0-301F-11D3-BF4B-00C04F79EFBC}") = "Persistence.IntegrationTests", "tests\Persistence.IntegrationTests\Persistence.IntegrationTests.csproj", "{2C5C03FF-6D7C-4CE7-9E01-F68651348ED4}"
EndProject
Project("{FAE04EC0-301F-11D3-BF4B-00C04F79EFBC}") = "Identity", "src\Infrastructure\Identity\Identity.csproj", "{5CE4223B-2AE3-4F0A-9530-2E280F052C20}"
EndProject
Global
	GlobalSection(SolutionConfigurationPlatforms) = preSolution
		Debug|Any CPU = Debug|Any CPU
		Release|Any CPU = Release|Any CPU
	EndGlobalSection
	GlobalSection(SolutionProperties) = preSolution
		HideSolutionNode = FALSE
	EndGlobalSection
	GlobalSection(ProjectConfigurationPlatforms) = postSolution
		{61F2A38D-B7A6-45AF-A3A1-23EFC23741DC}.Debug|Any CPU.ActiveCfg = Debug|Any CPU
		{61F2A38D-B7A6-45AF-A3A1-23EFC23741DC}.Debug|Any CPU.Build.0 = Debug|Any CPU
		{61F2A38D-B7A6-45AF-A3A1-23EFC23741DC}.Release|Any CPU.ActiveCfg = Release|Any CPU
		{61F2A38D-B7A6-45AF-A3A1-23EFC23741DC}.Release|Any CPU.Build.0 = Release|Any CPU
		{AA43907E-0A48-4D27-A549-C9B24BF4F97C}.Debug|Any CPU.ActiveCfg = Debug|Any CPU
		{AA43907E-0A48-4D27-A549-C9B24BF4F97C}.Debug|Any CPU.Build.0 = Debug|Any CPU
		{AA43907E-0A48-4D27-A549-C9B24BF4F97C}.Release|Any CPU.ActiveCfg = Release|Any CPU
		{AA43907E-0A48-4D27-A549-C9B24BF4F97C}.Release|Any CPU.Build.0 = Release|Any CPU
		{3689FFA8-1916-4BD4-94A6-CC413DE9EF93}.Debug|Any CPU.ActiveCfg = Debug|Any CPU
		{3689FFA8-1916-4BD4-94A6-CC413DE9EF93}.Debug|Any CPU.Build.0 = Debug|Any CPU
		{3689FFA8-1916-4BD4-94A6-CC413DE9EF93}.Release|Any CPU.ActiveCfg = Release|Any CPU
		{3689FFA8-1916-4BD4-94A6-CC413DE9EF93}.Release|Any CPU.Build.0 = Release|Any CPU
		{4ADA9AF2-ECEF-4C96-B7FA-E8096E658295}.Debug|Any CPU.ActiveCfg = Debug|Any CPU
		{4ADA9AF2-ECEF-4C96-B7FA-E8096E658295}.Debug|Any CPU.Build.0 = Debug|Any CPU
		{4ADA9AF2-ECEF-4C96-B7FA-E8096E658295}.Release|Any CPU.ActiveCfg = Release|Any CPU
		{4ADA9AF2-ECEF-4C96-B7FA-E8096E658295}.Release|Any CPU.Build.0 = Release|Any CPU
		{039415CB-519E-4E22-AC22-89BFDAFE4E0C}.Debug|Any CPU.ActiveCfg = Debug|Any CPU
		{039415CB-519E-4E22-AC22-89BFDAFE4E0C}.Debug|Any CPU.Build.0 = Debug|Any CPU
		{039415CB-519E-4E22-AC22-89BFDAFE4E0C}.Release|Any CPU.ActiveCfg = Release|Any CPU
		{039415CB-519E-4E22-AC22-89BFDAFE4E0C}.Release|Any CPU.Build.0 = Release|Any CPU
		{CEF131DF-6A5D-4D1E-9F52-8C63D700EBF4}.Debug|Any CPU.ActiveCfg = Debug|Any CPU
		{CEF131DF-6A5D-4D1E-9F52-8C63D700EBF4}.Debug|Any CPU.Build.0 = Debug|Any CPU
		{CEF131DF-6A5D-4D1E-9F52-8C63D700EBF4}.Release|Any CPU.ActiveCfg = Release|Any CPU
		{CEF131DF-6A5D-4D1E-9F52-8C63D700EBF4}.Release|Any CPU.Build.0 = Release|Any CPU
		{2C5C03FF-6D7C-4CE7-9E01-F68651348ED4}.Debug|Any CPU.ActiveCfg = Debug|Any CPU
		{2C5C03FF-6D7C-4CE7-9E01-F68651348ED4}.Debug|Any CPU.Build.0 = Debug|Any CPU
		{2C5C03FF-6D7C-4CE7-9E01-F68651348ED4}.Release|Any CPU.ActiveCfg = Release|Any CPU
		{2C5C03FF-6D7C-4CE7-9E01-F68651348ED4}.Release|Any CPU.Build.0 = Release|Any CPU
		{5CE4223B-2AE3-4F0A-9530-2E280F052C20}.Debug|Any CPU.ActiveCfg = Debug|Any CPU
		{5CE4223B-2AE3-4F0A-9530-2E280F052C20}.Debug|Any CPU.Build.0 = Debug|Any CPU
		{5CE4223B-2AE3-4F0A-9530-2E280F052C20}.Release|Any CPU.ActiveCfg = Release|Any CPU
		{5CE4223B-2AE3-4F0A-9530-2E280F052C20}.Release|Any CPU.Build.0 = Release|Any CPU
	EndGlobalSection
	GlobalSection(NestedProjects) = preSolution
		{5FE67BD2-CB50-4B07-A4FB-2EBCFFE078DF} = {4A341B07-ACFD-45C9-BB56-ADB60418CB78}
		{61F2A38D-B7A6-45AF-A3A1-23EFC23741DC} = {5FE67BD2-CB50-4B07-A4FB-2EBCFFE078DF}
		{AA43907E-0A48-4D27-A549-C9B24BF4F97C} = {5FE67BD2-CB50-4B07-A4FB-2EBCFFE078DF}
		{E050A1FC-A11A-4F6A-8340-B5F45A9099C6} = {4A341B07-ACFD-45C9-BB56-ADB60418CB78}
		{3689FFA8-1916-4BD4-94A6-CC413DE9EF93} = {E050A1FC-A11A-4F6A-8340-B5F45A9099C6}
		{4ADA9AF2-ECEF-4C96-B7FA-E8096E658295} = {E050A1FC-A11A-4F6A-8340-B5F45A9099C6}
		{039415CB-519E-4E22-AC22-89BFDAFE4E0C} = {4A341B07-ACFD-45C9-BB56-ADB60418CB78}
		{CEF131DF-6A5D-4D1E-9F52-8C63D700EBF4} = {5F59DE78-C6BA-472F-A611-0B0C187701C9}
		{2C5C03FF-6D7C-4CE7-9E01-F68651348ED4} = {5F59DE78-C6BA-472F-A611-0B0C187701C9}
		{5CE4223B-2AE3-4F0A-9530-2E280F052C20} = {E050A1FC-A11A-4F6A-8340-B5F45A9099C6}
	EndGlobalSection
EndGlobal
